
Microsoft Visual Studio Solution File, Format Version 12.00
# Visual Studio Version 17
VisualStudioVersion = 17.9.34723.18
MinimumVisualStudioVersion = 10.0.40219.1
Project("{9A19103F-16F7-4668-BE54-9A1E7A4F7556}") = "Iterator_Sample", "Iterator_Pattern\Iterator_Sample.csproj", "{375905B7-3B0A-4015-A10E-B5CF3EFAE505}"
EndProject
Project("{9A19103F-16F7-4668-BE54-9A1E7A4F7556}") = "Iterator_MyCode", "Iterator_MyCode\Iterator_MyCode.csproj", "{1983D7DC-32C1-4094-BF81-A7F6D5F471F9}"
EndProject
Project("{9A19103F-16F7-4668-BE54-9A1E7A4F7556}") = "Iterator_MyCode_ver2", "Iterator_MyCode_ver2\Iterator_MyCode_ver2.csproj", "{69441867-AE10-4AD9-B0E8-2002CF4C6E6E}"
EndProject
Project("{FAE04EC0-301F-11D3-BF4B-00C04F79EFBC}") = "Data", "Data\Data.csproj", "{DE4F5B07-8A7B-46EB-8CB5-DA53A0717E1D}"
EndProject
Global
	GlobalSection(SolutionConfigurationPlatforms) = preSolution
		Debug|Any CPU = Debug|Any CPU
		Release|Any CPU = Release|Any CPU
	EndGlobalSection
	GlobalSection(ProjectConfigurationPlatforms) = postSolution
		{375905B7-3B0A-4015-A10E-B5CF3EFAE505}.Debug|Any CPU.ActiveCfg = Debug|Any CPU
		{375905B7-3B0A-4015-A10E-B5CF3EFAE505}.Debug|Any CPU.Build.0 = Debug|Any CPU
		{375905B7-3B0A-4015-A10E-B5CF3EFAE505}.Release|Any CPU.ActiveCfg = Release|Any CPU
		{375905B7-3B0A-4015-A10E-B5CF3EFAE505}.Release|Any CPU.Build.0 = Release|Any CPU
		{1983D7DC-32C1-4094-BF81-A7F6D5F471F9}.Debug|Any CPU.ActiveCfg = Debug|Any CPU
		{1983D7DC-32C1-4094-BF81-A7F6D5F471F9}.Debug|Any CPU.Build.0 = Debug|Any CPU
		{1983D7DC-32C1-4094-BF81-A7F6D5F471F9}.Release|Any CPU.ActiveCfg = Release|Any CPU
		{1983D7DC-32C1-4094-BF81-A7F6D5F471F9}.Release|Any CPU.Build.0 = Release|Any CPU
		{69441867-AE10-4AD9-B0E8-2002CF4C6E6E}.Debug|Any CPU.ActiveCfg = Debug|Any CPU
		{69441867-AE10-4AD9-B0E8-2002CF4C6E6E}.Debug|Any CPU.Build.0 = Debug|Any CPU
		{69441867-AE10-4AD9-B0E8-2002CF4C6E6E}.Release|Any CPU.ActiveCfg = Release|Any CPU
		{69441867-AE10-4AD9-B0E8-2002CF4C6E6E}.Release|Any CPU.Build.0 = Release|Any CPU
		{DE4F5B07-8A7B-46EB-8CB5-DA53A0717E1D}.Debug|Any CPU.ActiveCfg = Debug|Any CPU
		{DE4F5B07-8A7B-46EB-8CB5-DA53A0717E1D}.Debug|Any CPU.Build.0 = Debug|Any CPU
		{DE4F5B07-8A7B-46EB-8CB5-DA53A0717E1D}.Release|Any CPU.ActiveCfg = Release|Any CPU
		{DE4F5B07-8A7B-46EB-8CB5-DA53A0717E1D}.Release|Any CPU.Build.0 = Release|Any CPU
	EndGlobalSection
	GlobalSection(SolutionProperties) = preSolution
		HideSolutionNode = FALSE
	EndGlobalSection
	GlobalSection(ExtensibilityGlobals) = postSolution
		SolutionGuid = {FAAE77D5-0A6C-46FA-88C9-91DC8A1DAE50}
	EndGlobalSection
EndGlobal
